
Microsoft Visual Studio Solution File, Format Version 12.00
# Visual Studio Version 17
VisualStudioVersion = 17.0.31903.59
MinimumVisualStudioVersion = 10.0.40219.1
Project("{2150E333-8FDC-42A3-9474-1A3956D46DE8}") = "src", "src", "{34919B1A-D187-4E1B-B894-5BBFFC58F40F}"
EndProject
Project("{FAE04EC0-301F-11D3-BF4B-00C04F79EFBC}") = "BookStore.Application", "src\Application\BookStore.Application.csproj", "{B7018BD6-08BA-4694-BC3C-3DAD78B8594E}"
EndProject
Project("{FAE04EC0-301F-11D3-BF4B-00C04F79EFBC}") = "BookStore.Domain", "src\Domain\BookStore.Domain.csproj", "{D963FC1C-394A-4392-AA3A-6F0489DD6E84}"
EndProject
Project("{FAE04EC0-301F-11D3-BF4B-00C04F79EFBC}") = "BookStore.Infrastructure", "src\Infrastructure\BookStore.Infrastructure.csproj", "{37F41F75-E2DF-4676-A773-260BFE726E31}"
EndProject
Project("{FAE04EC0-301F-11D3-BF4B-00C04F79EFBC}") = "BookStore.API", "src\API\BookStore.API.csproj", "{E7FDDACB-BBD5-4CDB-9705-8B6F5638CA49}"
EndProject
Project("{2150E333-8FDC-42A3-9474-1A3956D46DE8}") = "tests", "tests", "{1FBF6DE9-78E1-4321-AF32-DB42150B6FC4}"
EndProject
Project("{FAE04EC0-301F-11D3-BF4B-00C04F79EFBC}") = "BookStore.Tests", "tests\BookStore.Tests\BookStore.Tests.csproj", "{AB810FA0-CA9A-4CFE-A8B3-B9E03957392C}"
EndProject
Global
	GlobalSection(SolutionConfigurationPlatforms) = preSolution
		Debug|Any CPU = Debug|Any CPU
		Release|Any CPU = Release|Any CPU
	EndGlobalSection
	GlobalSection(SolutionProperties) = preSolution
		HideSolutionNode = FALSE
	EndGlobalSection
	GlobalSection(ProjectConfigurationPlatforms) = postSolution
		{B7018BD6-08BA-4694-BC3C-3DAD78B8594E}.Debug|Any CPU.ActiveCfg = Debug|Any CPU
		{B7018BD6-08BA-4694-BC3C-3DAD78B8594E}.Debug|Any CPU.Build.0 = Debug|Any CPU
		{B7018BD6-08BA-4694-BC3C-3DAD78B8594E}.Release|Any CPU.ActiveCfg = Release|Any CPU
		{B7018BD6-08BA-4694-BC3C-3DAD78B8594E}.Release|Any CPU.Build.0 = Release|Any CPU
		{D963FC1C-394A-4392-AA3A-6F0489DD6E84}.Debug|Any CPU.ActiveCfg = Debug|Any CPU
		{D963FC1C-394A-4392-AA3A-6F0489DD6E84}.Debug|Any CPU.Build.0 = Debug|Any CPU
		{D963FC1C-394A-4392-AA3A-6F0489DD6E84}.Release|Any CPU.ActiveCfg = Release|Any CPU
		{D963FC1C-394A-4392-AA3A-6F0489DD6E84}.Release|Any CPU.Build.0 = Release|Any CPU
		{37F41F75-E2DF-4676-A773-260BFE726E31}.Debug|Any CPU.ActiveCfg = Debug|Any CPU
		{37F41F75-E2DF-4676-A773-260BFE726E31}.Debug|Any CPU.Build.0 = Debug|Any CPU
		{37F41F75-E2DF-4676-A773-260BFE726E31}.Release|Any CPU.ActiveCfg = Release|Any CPU
		{37F41F75-E2DF-4676-A773-260BFE726E31}.Release|Any CPU.Build.0 = Release|Any CPU
		{E7FDDACB-BBD5-4CDB-9705-8B6F5638CA49}.Debug|Any CPU.ActiveCfg = Debug|Any CPU
		{E7FDDACB-BBD5-4CDB-9705-8B6F5638CA49}.Debug|Any CPU.Build.0 = Debug|Any CPU
		{E7FDDACB-BBD5-4CDB-9705-8B6F5638CA49}.Release|Any CPU.ActiveCfg = Release|Any CPU
		{E7FDDACB-BBD5-4CDB-9705-8B6F5638CA49}.Release|Any CPU.Build.0 = Release|Any CPU
		{AB810FA0-CA9A-4CFE-A8B3-B9E03957392C}.Debug|Any CPU.ActiveCfg = Debug|Any CPU
		{AB810FA0-CA9A-4CFE-A8B3-B9E03957392C}.Debug|Any CPU.Build.0 = Debug|Any CPU
		{AB810FA0-CA9A-4CFE-A8B3-B9E03957392C}.Release|Any CPU.ActiveCfg = Release|Any CPU
		{AB810FA0-CA9A-4CFE-A8B3-B9E03957392C}.Release|Any CPU.Build.0 = Release|Any CPU
	EndGlobalSection
	GlobalSection(NestedProjects) = preSolution
		{B7018BD6-08BA-4694-BC3C-3DAD78B8594E} = {34919B1A-D187-4E1B-B894-5BBFFC58F40F}
		{D963FC1C-394A-4392-AA3A-6F0489DD6E84} = {34919B1A-D187-4E1B-B894-5BBFFC58F40F}
		{37F41F75-E2DF-4676-A773-260BFE726E31} = {34919B1A-D187-4E1B-B894-5BBFFC58F40F}
		{E7FDDACB-BBD5-4CDB-9705-8B6F5638CA49} = {34919B1A-D187-4E1B-B894-5BBFFC58F40F}
		{AB810FA0-CA9A-4CFE-A8B3-B9E03957392C} = {1FBF6DE9-78E1-4321-AF32-DB42150B6FC4}
	EndGlobalSection
EndGlobal
